{
  "name": "project",
  "lockfileVersion": 3,
  "requires": true,
  "packages": {
    "": {
      "dependencies": {
        "d3-legend": "^1.0.0"
      }
    },
    "node_modules/d3": {
      "version": "3.5.17",
      "resolved": "https://registry.npmjs.org/d3/-/d3-3.5.17.tgz",
      "integrity": "sha512-yFk/2idb8OHPKkbAL8QaOaqENNoMhIaSHZerk3oQsECwkObkCpJyjYwCe+OHiq6UEdhe1m8ZGARRRO3ljFjlKg==",
      "peer": true
    },
    "node_modules/d3-legend": {
      "version": "1.0.0",
      "resolved": "https://registry.npmjs.org/d3-legend/-/d3-legend-1.0.0.tgz",
      "integrity": "sha512-LyeHCSEvB4US90U0uszynho3cCbXny8nf0D/fdtywtppjRfnp0pCE3QCKd0VX71W/6ZZlhmCCxfx5DVb7PBd3A==",
      "peerDependencies": {
        "d3": "^3.5.5"
      }
    }
  }
}
